
Microsoft Visual Studio Solution File, Format Version 12.00
# Visual Studio Version 17
VisualStudioVersion = 17.3.32922.545
MinimumVisualStudioVersion = 10.0.40219.1
Project("{FAE04EC0-301F-11D3-BF4B-00C04F79EFBC}") = "QueryBuilder", "QueryBuilder\QueryBuilder.csproj", "{752A04F3-3504-4279-86E2-38267A555D06}"
EndProject
Global
	GlobalSection(SolutionConfigurationPlatforms) = preSolution
		Debug|Any CPU = Debug|Any CPU
		Release|Any CPU = Release|Any CPU
	EndGlobalSection
	GlobalSection(ProjectConfigurationPlatforms) = postSolution
		{752A04F3-3504-4279-86E2-38267A555D06}.Debug|Any CPU.ActiveCfg = Debug|Any CPU
		{752A04F3-3504-4279-86E2-38267A555D06}.Debug|Any CPU.Build.0 = Debug|Any CPU
		{752A04F3-3504-4279-86E2-38267A555D06}.Release|Any CPU.ActiveCfg = Release|Any CPU
		{752A04F3-3504-4279-86E2-38267A555D06}.Release|Any CPU.Build.0 = Release|Any CPU
	EndGlobalSection
	GlobalSection(SolutionProperties) = preSolution
		HideSolutionNode = FALSE
	EndGlobalSection
	GlobalSection(ExtensibilityGlobals) = postSolution
		SolutionGuid = {3C5A15D7-BAB4-42CA-BFC1-F5D27C3815AC}
	EndGlobalSection
EndGlobal
